
Microsoft Visual Studio Solution File, Format Version 12.00
# Visual Studio Version 16
VisualStudioVersion = 16.0.30711.63
MinimumVisualStudioVersion = 10.0.40219.1
Project("{9A19103F-16F7-4668-BE54-9A1E7A4F7556}") = "ADDSCore", "ADDSCore\ADDSCore.csproj", "{89F78E84-3A72-4921-B02A-82A31ED72A25}"
EndProject
Project("{9A19103F-16F7-4668-BE54-9A1E7A4F7556}") = "Test.ADDSCore.ViewModels", "Test.ADDSCore.ViewModels\Test.ADDSCore.ViewModels.csproj", "{D323598E-41AA-4272-8F3D-E2BD0F03565B}"
EndProject
Project("{9A19103F-16F7-4668-BE54-9A1E7A4F7556}") = "ADDSCore.Converters", "ADDSCore.Converters\ADDSCore.Converters.csproj", "{DF2C9B8F-F664-469B-85DC-CA7C35A0265E}"
EndProject
Project("{9A19103F-16F7-4668-BE54-9A1E7A4F7556}") = "ADDSCore.ViewModels", "ADDSCore.ViewModels\ADDSCore.ViewModels.csproj", "{9284705D-B9DA-4070-9D5E-E18C9511628F}"
EndProject
Project("{9A19103F-16F7-4668-BE54-9A1E7A4F7556}") = "ADDSCore.Models", "ADDSCore.Models\ADDSCore.Models.csproj", "{76E7F546-2EA6-4F8E-82CA-0618FEB82AAF}"
EndProject
Project("{9A19103F-16F7-4668-BE54-9A1E7A4F7556}") = "ADDSCore.Extensions", "ADDSCore.Extensions\ADDSCore.Extensions.csproj", "{7DC0DB6E-90DB-4D35-B7CA-F7E8DFCE4E16}"
EndProject
Project("{9A19103F-16F7-4668-BE54-9A1E7A4F7556}") = "ADDSCore.Views", "ADDSCore.Views\ADDSCore.Views.csproj", "{2F6D1A0E-24F8-45B5-A9AD-5BF64908EE9F}"
EndProject
Project("{9A19103F-16F7-4668-BE54-9A1E7A4F7556}") = "ADDSCore.Services", "ADDSCore.Services\ADDSCore.Services.csproj", "{B992BFD0-9C75-40BB-8026-2BF10C3B36B0}"
EndProject
Project("{9A19103F-16F7-4668-BE54-9A1E7A4F7556}") = "ADDSCore.DataProviders", "ADDSCoreDataProviders\ADDSCore.DataProviders.csproj", "{31F8A7AD-4CFC-43FC-A584-F466F2A9B219}"
EndProject
Project("{9A19103F-16F7-4668-BE54-9A1E7A4F7556}") = "Test.ADDSCore.Document", "Test.ADDSCore.Document\Test.ADDSCore.Document.csproj", "{D59DD51F-52BE-4661-908D-209A0B6884CE}"
EndProject
Project("{FAE04EC0-301F-11D3-BF4B-00C04F79EFBC}") = "Test.ADDSCore.Repositories", "Test.ADDSCore.Repositories\Test.ADDSCore.Repositories.csproj", "{CE35D624-A742-4BBC-A28B-71492ACF4D15}"
EndProject
Global
	GlobalSection(SolutionConfigurationPlatforms) = preSolution
		Debug|Any CPU = Debug|Any CPU
		Release|Any CPU = Release|Any CPU
	EndGlobalSection
	GlobalSection(ProjectConfigurationPlatforms) = postSolution
		{89F78E84-3A72-4921-B02A-82A31ED72A25}.Debug|Any CPU.ActiveCfg = Debug|Any CPU
		{89F78E84-3A72-4921-B02A-82A31ED72A25}.Debug|Any CPU.Build.0 = Debug|Any CPU
		{89F78E84-3A72-4921-B02A-82A31ED72A25}.Release|Any CPU.ActiveCfg = Release|Any CPU
		{89F78E84-3A72-4921-B02A-82A31ED72A25}.Release|Any CPU.Build.0 = Release|Any CPU
		{D323598E-41AA-4272-8F3D-E2BD0F03565B}.Debug|Any CPU.ActiveCfg = Debug|Any CPU
		{D323598E-41AA-4272-8F3D-E2BD0F03565B}.Debug|Any CPU.Build.0 = Debug|Any CPU
		{D323598E-41AA-4272-8F3D-E2BD0F03565B}.Release|Any CPU.ActiveCfg = Release|Any CPU
		{D323598E-41AA-4272-8F3D-E2BD0F03565B}.Release|Any CPU.Build.0 = Release|Any CPU
		{DF2C9B8F-F664-469B-85DC-CA7C35A0265E}.Debug|Any CPU.ActiveCfg = Debug|Any CPU
		{DF2C9B8F-F664-469B-85DC-CA7C35A0265E}.Debug|Any CPU.Build.0 = Debug|Any CPU
		{DF2C9B8F-F664-469B-85DC-CA7C35A0265E}.Release|Any CPU.ActiveCfg = Release|Any CPU
		{DF2C9B8F-F664-469B-85DC-CA7C35A0265E}.Release|Any CPU.Build.0 = Release|Any CPU
		{9284705D-B9DA-4070-9D5E-E18C9511628F}.Debug|Any CPU.ActiveCfg = Debug|Any CPU
		{9284705D-B9DA-4070-9D5E-E18C9511628F}.Debug|Any CPU.Build.0 = Debug|Any CPU
		{9284705D-B9DA-4070-9D5E-E18C9511628F}.Release|Any CPU.ActiveCfg = Release|Any CPU
		{9284705D-B9DA-4070-9D5E-E18C9511628F}.Release|Any CPU.Build.0 = Release|Any CPU
		{76E7F546-2EA6-4F8E-82CA-0618FEB82AAF}.Debug|Any CPU.ActiveCfg = Debug|Any CPU
		{76E7F546-2EA6-4F8E-82CA-0618FEB82AAF}.Debug|Any CPU.Build.0 = Debug|Any CPU
		{76E7F546-2EA6-4F8E-82CA-0618FEB82AAF}.Release|Any CPU.ActiveCfg = Release|Any CPU
		{76E7F546-2EA6-4F8E-82CA-0618FEB82AAF}.Release|Any CPU.Build.0 = Release|Any CPU
		{7DC0DB6E-90DB-4D35-B7CA-F7E8DFCE4E16}.Debug|Any CPU.ActiveCfg = Debug|Any CPU
		{7DC0DB6E-90DB-4D35-B7CA-F7E8DFCE4E16}.Debug|Any CPU.Build.0 = Debug|Any CPU
		{7DC0DB6E-90DB-4D35-B7CA-F7E8DFCE4E16}.Release|Any CPU.ActiveCfg = Release|Any CPU
		{7DC0DB6E-90DB-4D35-B7CA-F7E8DFCE4E16}.Release|Any CPU.Build.0 = Release|Any CPU
		{2F6D1A0E-24F8-45B5-A9AD-5BF64908EE9F}.Debug|Any CPU.ActiveCfg = Debug|Any CPU
		{2F6D1A0E-24F8-45B5-A9AD-5BF64908EE9F}.Debug|Any CPU.Build.0 = Debug|Any CPU
		{2F6D1A0E-24F8-45B5-A9AD-5BF64908EE9F}.Release|Any CPU.ActiveCfg = Release|Any CPU
		{2F6D1A0E-24F8-45B5-A9AD-5BF64908EE9F}.Release|Any CPU.Build.0 = Release|Any CPU
		{B992BFD0-9C75-40BB-8026-2BF10C3B36B0}.Debug|Any CPU.ActiveCfg = Debug|Any CPU
		{B992BFD0-9C75-40BB-8026-2BF10C3B36B0}.Debug|Any CPU.Build.0 = Debug|Any CPU
		{B992BFD0-9C75-40BB-8026-2BF10C3B36B0}.Release|Any CPU.ActiveCfg = Release|Any CPU
		{B992BFD0-9C75-40BB-8026-2BF10C3B36B0}.Release|Any CPU.Build.0 = Release|Any CPU
		{31F8A7AD-4CFC-43FC-A584-F466F2A9B219}.Debug|Any CPU.ActiveCfg = Debug|Any CPU
		{31F8A7AD-4CFC-43FC-A584-F466F2A9B219}.Debug|Any CPU.Build.0 = Debug|Any CPU
		{31F8A7AD-4CFC-43FC-A584-F466F2A9B219}.Release|Any CPU.ActiveCfg = Release|Any CPU
		{31F8A7AD-4CFC-43FC-A584-F466F2A9B219}.Release|Any CPU.Build.0 = Release|Any CPU
		{D59DD51F-52BE-4661-908D-209A0B6884CE}.Debug|Any CPU.ActiveCfg = Debug|Any CPU
		{D59DD51F-52BE-4661-908D-209A0B6884CE}.Debug|Any CPU.Build.0 = Debug|Any CPU
		{D59DD51F-52BE-4661-908D-209A0B6884CE}.Release|Any CPU.ActiveCfg = Release|Any CPU
		{D59DD51F-52BE-4661-908D-209A0B6884CE}.Release|Any CPU.Build.0 = Release|Any CPU
		{CE35D624-A742-4BBC-A28B-71492ACF4D15}.Debug|Any CPU.ActiveCfg = Debug|Any CPU
		{CE35D624-A742-4BBC-A28B-71492ACF4D15}.Debug|Any CPU.Build.0 = Debug|Any CPU
		{CE35D624-A742-4BBC-A28B-71492ACF4D15}.Release|Any CPU.ActiveCfg = Release|Any CPU
		{CE35D624-A742-4BBC-A28B-71492ACF4D15}.Release|Any CPU.Build.0 = Release|Any CPU
	EndGlobalSection
	GlobalSection(SolutionProperties) = preSolution
		HideSolutionNode = FALSE
	EndGlobalSection
	GlobalSection(ExtensibilityGlobals) = postSolution
		SolutionGuid = {08BDA7D0-2833-434E-9628-2933FC1BDAB8}
	EndGlobalSection
EndGlobal
